
Microsoft Visual Studio Solution File, Format Version 12.00
# Visual Studio Version 16
VisualStudioVersion = 16.0.31729.503
MinimumVisualStudioVersion = 10.0.40219.1
Project("{FAE04EC0-301F-11D3-BF4B-00C04F79EFBC}") = "EnterTheOnegeon", "EnterTheOnegeon\EnterTheOnegeon.csproj", "{917B0252-C845-4120-B0AE-A62EB6B733A8}"
EndProject
Global
	GlobalSection(SolutionConfigurationPlatforms) = preSolution
		Debug|Any CPU = Debug|Any CPU
		Release|Any CPU = Release|Any CPU
	EndGlobalSection
	GlobalSection(ProjectConfigurationPlatforms) = postSolution
		{917B0252-C845-4120-B0AE-A62EB6B733A8}.Debug|Any CPU.ActiveCfg = Debug|Any CPU
		{917B0252-C845-4120-B0AE-A62EB6B733A8}.Debug|Any CPU.Build.0 = Debug|Any CPU
		{917B0252-C845-4120-B0AE-A62EB6B733A8}.Release|Any CPU.ActiveCfg = Release|Any CPU
		{917B0252-C845-4120-B0AE-A62EB6B733A8}.Release|Any CPU.Build.0 = Release|Any CPU
	EndGlobalSection
	GlobalSection(SolutionProperties) = preSolution
		HideSolutionNode = FALSE
	EndGlobalSection
	GlobalSection(ExtensibilityGlobals) = postSolution
		SolutionGuid = {B6078AB6-C193-448F-94AA-AD736933904C}
	EndGlobalSection
EndGlobal
